
Microsoft Visual Studio Solution File, Format Version 12.00
# Visual Studio Version 16
VisualStudioVersion = 16.0.32802.440
MinimumVisualStudioVersion = 10.0.40219.1
Project("{8BC9CEB8-8B4A-11D0-8D11-00A0C91BC942}") = "MINITEST_8", "MINITEST_8.vcxproj", "{7D78B1C5-A0C9-4B45-B85E-FF9E11EFE2E2}"
EndProject
Global
	GlobalSection(SolutionConfigurationPlatforms) = preSolution
		Debug|x64 = Debug|x64
		Debug|x86 = Debug|x86
		Release|x64 = Release|x64
		Release|x86 = Release|x86
	EndGlobalSection
	GlobalSection(ProjectConfigurationPlatforms) = postSolution
		{7D78B1C5-A0C9-4B45-B85E-FF9E11EFE2E2}.Debug|x64.ActiveCfg = Debug|x64
		{7D78B1C5-A0C9-4B45-B85E-FF9E11EFE2E2}.Debug|x64.Build.0 = Debug|x64
		{7D78B1C5-A0C9-4B45-B85E-FF9E11EFE2E2}.Debug|x86.ActiveCfg = Debug|Win32
		{7D78B1C5-A0C9-4B45-B85E-FF9E11EFE2E2}.Debug|x86.Build.0 = Debug|Win32
		{7D78B1C5-A0C9-4B45-B85E-FF9E11EFE2E2}.Release|x64.ActiveCfg = Release|x64
		{7D78B1C5-A0C9-4B45-B85E-FF9E11EFE2E2}.Release|x64.Build.0 = Release|x64
		{7D78B1C5-A0C9-4B45-B85E-FF9E11EFE2E2}.Release|x86.ActiveCfg = Release|Win32
		{7D78B1C5-A0C9-4B45-B85E-FF9E11EFE2E2}.Release|x86.Build.0 = Release|Win32
	EndGlobalSection
	GlobalSection(SolutionProperties) = preSolution
		HideSolutionNode = FALSE
	EndGlobalSection
	GlobalSection(ExtensibilityGlobals) = postSolution
		SolutionGuid = {62FD880D-FDE1-4EAA-92B5-118F9C813634}
	EndGlobalSection
EndGlobal
